
Microsoft Visual Studio Solution File, Format Version 12.00
# Visual Studio 15
VisualStudioVersion = 15.0.28307.1082
MinimumVisualStudioVersion = 10.0.40219.1
Project("{FAE04EC0-301F-11D3-BF4B-00C04F79EFBC}") = "Ex03.ConsoleUI", "Ex03.ConsoleUI\Ex03.ConsoleUI.csproj", "{43772B35-EBB6-4EA3-9447-DEDC9600B95B}"
EndProject
Project("{FAE04EC0-301F-11D3-BF4B-00C04F79EFBC}") = "Ex03.GarageLogic", "Ex03.GarageLogic\Ex03.GarageLogic.csproj", "{0EEA89E5-5FB3-490C-81CA-C21AA95D3BA0}"
EndProject
Global
	GlobalSection(SolutionConfigurationPlatforms) = preSolution
		Debug|Any CPU = Debug|Any CPU
		Release|Any CPU = Release|Any CPU
	EndGlobalSection
	GlobalSection(ProjectConfigurationPlatforms) = postSolution
		{43772B35-EBB6-4EA3-9447-DEDC9600B95B}.Debug|Any CPU.ActiveCfg = Debug|Any CPU
		{43772B35-EBB6-4EA3-9447-DEDC9600B95B}.Debug|Any CPU.Build.0 = Debug|Any CPU
		{43772B35-EBB6-4EA3-9447-DEDC9600B95B}.Release|Any CPU.ActiveCfg = Release|Any CPU
		{43772B35-EBB6-4EA3-9447-DEDC9600B95B}.Release|Any CPU.Build.0 = Release|Any CPU
		{0EEA89E5-5FB3-490C-81CA-C21AA95D3BA0}.Debug|Any CPU.ActiveCfg = Debug|Any CPU
		{0EEA89E5-5FB3-490C-81CA-C21AA95D3BA0}.Debug|Any CPU.Build.0 = Debug|Any CPU
		{0EEA89E5-5FB3-490C-81CA-C21AA95D3BA0}.Release|Any CPU.ActiveCfg = Release|Any CPU
		{0EEA89E5-5FB3-490C-81CA-C21AA95D3BA0}.Release|Any CPU.Build.0 = Release|Any CPU
	EndGlobalSection
	GlobalSection(SolutionProperties) = preSolution
		HideSolutionNode = FALSE
	EndGlobalSection
	GlobalSection(ExtensibilityGlobals) = postSolution
		SolutionGuid = {041B8FF8-E120-4FD1-B239-55745D5811FB}
	EndGlobalSection
EndGlobal
